// !$*UTF8*$!
{
	archiveVersion = 1;
	classes = {
	};
	objectVersion = 46;
	objects = {

/* Begin PBXBuildFile section */
		2DCC69BC1BC8AA3100232810 /* main.m in Sources */ = {isa = PBXBuildFile; fileRef = 2DCC69BB1BC8AA3100232810 /* main.m */; };
		2DCC69BF1BC8AA3100232810 /* AppDelegate.m in Sources */ = {isa = PBXBuildFile; fileRef = 2DCC69BE1BC8AA3100232810 /* AppDelegate.m */; };
		2DCC69C21BC8AA3100232810 /* ViewController.m in Sources */ = {isa = PBXBuildFile; fileRef = 2DCC69C11BC8AA3100232810 /* ViewController.m */; };
		2DCC69C51BC8AA3100232810 /* Main.storyboard in Resources */ = {isa = PBXBuildFile; fileRef = 2DCC69C31BC8AA3100232810 /* Main.storyboard */; };
		2DCC69C71BC8AA3100232810 /* Images.xcassets in Resources */ = {isa = PBXBuildFile; fileRef = 2DCC69C61BC8AA3100232810 /* Images.xcassets */; };
		2DCC69CA1BC8AA3100232810 /* LaunchScreen.xib in Resources */ = {isa = PBXBuildFile; fileRef = 2DCC69C81BC8AA3100232810 /* LaunchScreen.xib */; };
		2DCC69D61BC8AA3100232810 /* eCareHGserveTests.m in Sources */ = {isa = PBXBuildFile; fileRef = 2DCC69D51BC8AA3100232810 /* eCareHGserveTests.m */; };
/* End PBXBuildFile section */

/* Begin PBXContainerItemProxy section */
		2DCC69D01BC8AA3100232810 /* PBXContainerItemProxy */ = {
			isa = PBXContainerItemProxy;
			containerPortal = 2DCC69AE1BC8AA3100232810 /* Project object */;
			proxyType = 1;
			remoteGlobalIDString = 2DCC69B51BC8AA3100232810;
			remoteInfo = eCareHGserve;
		};
/* End PBXContainerItemProxy section */

/* Begin PBXFileReference section */
		2DCC69B61BC8AA3100232810 /* eCareHGserve.app */ = {isa = PBXFileReference; explicitFileType = wrapper.application; includeInIndex = 0; path = eCareHGserve.app; sourceTree = BUILT_PRODUCTS_DIR; };
		2DCC69BA1BC8AA3100232810 /* Info.plist */ = {isa = PBXFileReference; lastKnownFileType = text.plist.xml; path = Info.plist; sourceTree = "<group>"; };
		2DCC69BB1BC8AA3100232810 /* main.m */ = {isa = PBXFileReference; lastKnownFileType = sourcecode.c.objc; path = main.m; sourceTree = "<group>"; };
		2DCC69BD1BC8AA3100232810 /* AppDelegate.h */ = {isa = PBXFileReference; lastKnownFileType = sourcecode.c.h; path = AppDelegate.h; sourceTree = "<group>"; };
		2DCC69BE1BC8AA3100232810 /* AppDelegate.m */ = {isa = PBXFileReference; lastKnownFileType = sourcecode.c.objc; path = AppDelegate.m; sourceTree = "<group>"; };
		2DCC69C01BC8AA3100232810 /* ViewController.h */ = {isa = PBXFileReference; lastKnownFileType = sourcecode.c.h; path = ViewController.h; sourceTree = "<group>"; };
		2DCC69C11BC8AA3100232810 /* ViewController.m */ = {isa = PBXFileReference; lastKnownFileType = sourcecode.c.objc; path = ViewController.m; sourceTree = "<group>"; };
		2DCC69C41BC8AA3100232810 /* Base */ = {isa = PBXFileReference; lastKnownFileType = file.storyboard; name = Base; path = Base.lproj/Main.storyboard; sourceTree = "<group>"; };
		2DCC69C61BC8AA3100232810 /* Images.xcassets */ = {isa = PBXFileReference; lastKnownFileType = folder.assetcatalog; path = Images.xcassets; sourceTree = "<group>"; };
		2DCC69C91BC8AA3100232810 /* Base */ = {isa = PBXFileReference; lastKnownFileType = file.xib; name = Base; path = Base.lproj/LaunchScreen.xib; sourceTree = "<group>"; };
		2DCC69CF1BC8AA3100232810 /* eCareHGserveTests.xctest */ = {isa = PBXFileReference; explicitFileType = wrapper.cfbundle; includeInIndex = 0; path = eCareHGserveTests.xctest; sourceTree = BUILT_PRODUCTS_DIR; };
		2DCC69D41BC8AA3100232810 /* Info.plist */ = {isa = PBXFileReference; lastKnownFileType = text.plist.xml; path = Info.plist; sourceTree = "<group>"; };
		2DCC69D51BC8AA3100232810 /* eCareHGserveTests.m */ = {isa = PBXFileReference; lastKnownFileType = sourcecode.c.objc; path = eCareHGserveTests.m; sourceTree = "<group>"; };
/* End PBXFileReference section */

/* Begin PBXFrameworksBuildPhase section */
		2DCC69B31BC8AA3100232810 /* Frameworks */ = {
			isa = PBXFrameworksBuildPhase;
			buildActionMask = 2147483647;
			files = (
			);
			runOnlyForDeploymentPostprocessing = 0;
		};
		2DCC69CC1BC8AA3100232810 /* Frameworks */ = {
			isa = PBXFrameworksBuildPhase;
			buildActionMask = 2147483647;
			files = (
			);
			runOnlyForDeploymentPostprocessing = 0;
		};
/* End PBXFrameworksBuildPhase section */

/* Begin PBXGroup section */
		2DCC69AD1BC8AA3100232810 = {
			isa = PBXGroup;
			children = (
				2DCC69B81BC8AA3100232810 /* eCareHGserve */,
				2DCC69D21BC8AA3100232810 /* eCareHGserveTests */,
				2DCC69B71BC8AA3100232810 /* Products */,
			);
			sourceTree = "<group>";
		};
		2DCC69B71BC8AA3100232810 /* Products */ = {
			isa = PBXGroup;
			children = (
				2DCC69B61BC8AA3100232810 /* eCareHGserve.app */,
				2DCC69CF1BC8AA3100232810 /* eCareHGserveTests.xctest */,
			);
			name = Products;
			sourceTree = "<group>";
		};
		2DCC69B81BC8AA3100232810 /* eCareHGserve */ = {
			isa = PBXGroup;
			children = (
				2DCC69BD1BC8AA3100232810 /* AppDelegate.h */,
				2DCC69BE1BC8AA3100232810 /* AppDelegate.m */,
				2DCC69C01BC8AA3100232810 /* ViewController.h */,
				2DCC69C11BC8AA3100232810 /* ViewController.m */,
				2DCC69C31BC8AA3100232810 /* Main.storyboard */,
				2DCC69C61BC8AA3100232810 /* Images.xcassets */,
				2DCC69C81BC8AA3100232810 /* LaunchScreen.xib */,
				2DCC69B91BC8AA3100232810 /* Supporting Files */,
			);
			path = eCareHGserve;
			sourceTree = "<group>";
		};
		2DCC69B91BC8AA3100232810 /* Supporting Files */ = {
			isa = PBXGroup;
			children = (
				2DCC69BA1BC8AA3100232810 /* Info.plist */,
				2DCC69BB1BC8AA3100232810 /* main.m */,
			);
			name = "Supporting Files";
			sourceTree = "<group>";
		};
		2DCC69D21BC8AA3100232810 /* eCareHGserveTests */ = {
			isa = PBXGroup;
			children = (
				2DCC69D51BC8AA3100232810 /* eCareHGserveTests.m */,
				2DCC69D31BC8AA3100232810 /* Supporting Files */,
			);
			path = eCareHGserveTests;
			sourceTree = "<group>";
		};
		2DCC69D31BC8AA3100232810 /* Supporting Files */ = {
			isa = PBXGroup;
			children = (
				2DCC69D41BC8AA3100232810 /* Info.plist */,
			);
			name = "Supporting Files";
			sourceTree = "<group>";
		};
/* End PBXGroup section */

/* Begin PBXNativeTarget section */
		2DCC69B51BC8AA3100232810 /* eCareHGserve */ = {
			isa = PBXNativeTarget;
			buildConfigurationList = 2DCC69D91BC8AA3100232810 /* Build configuration list for PBXNativeTarget "eCareHGserve" */;
			buildPhases = (
				2DCC69B21BC8AA3100232810 /* Sources */,
				2DCC69B31BC8AA3100232810 /* Frameworks */,
				2DCC69B41BC8AA3100232810 /* Resources */,
			);
			buildRules = (
			);
			dependencies = (
			);
			name = eCareHGserve;
			productName = eCareHGserve;
			productReference = 2DCC69B61BC8AA3100232810 /* eCareHGserve.app */;
			productType = "com.apple.product-type.application";
		};
		2DCC69CE1BC8AA3100232810 /* eCareHGserveTests */ = {
			isa = PBXNativeTarget;
			buildConfigurationList = 2DCC69DC1BC8AA3100232810 /* Build configuration list for PBXNativeTarget "eCareHGserveTests" */;
			buildPhases = (
				2DCC69CB1BC8AA3100232810 /* Sources */,
				2DCC69CC1BC8AA3100232810 /* Frameworks */,
				2DCC69CD1BC8AA3100232810 /* Resources */,
			);
			buildRules = (
			);
			dependencies = (
				2DCC69D11BC8AA3100232810 /* PBXTargetDependency */,
			);
			name = eCareHGserveTests;
			productName = eCareHGserveTests;
			productReference = 2DCC69CF1BC8AA3100232810 /* eCareHGserveTests.xctest */;
			productType = "com.apple.product-type.bundle.unit-test";
		};
/* End PBXNativeTarget section */

/* Begin PBXProject section */
		2DCC69AE1BC8AA3100232810 /* Project object */ = {
			isa = PBXProject;
			attributes = {
				LastUpgradeCheck = 0640;
				ORGANIZATIONNAME = SHmoyi;
				TargetAttributes = {
					2DCC69B51BC8AA3100232810 = {
						CreatedOnToolsVersion = 6.4;
					};
					2DCC69CE1BC8AA3100232810 = {
						CreatedOnToolsVersion = 6.4;
						TestTargetID = 2DCC69B51BC8AA3100232810;
					};
				};
			};
			buildConfigurationList = 2DCC69B11BC8AA3100232810 /* Build configuration list for PBXProject "eCareHGserve" */;
			compatibilityVersion = "Xcode 3.2";
			developmentRegion = English;
			hasScannedForEncodings = 0;
			knownRegions = (
				en,
				Base,
			);
			mainGroup = 2DCC69AD1BC8AA3100232810;
			productRefGroup = 2DCC69B71BC8AA3100232810 /* Products */;
			projectDirPath = "";
			projectRoot = "";
			targets = (
				2DCC69B51BC8AA3100232810 /* eCareHGserve */,
				2DCC69CE1BC8AA3100232810 /* eCareHGserveTests */,
			);
		};
/* End PBXProject section */

/* Begin PBXResourcesBuildPhase section */
		2DCC69B41BC8AA3100232810 /* Resources */ = {
			isa = PBXResourcesBuildPhase;
			buildActionMask = 2147483647;
			files = (
				2DCC69C51BC8AA3100232810 /* Main.storyboard in Resources */,
				2DCC69CA1BC8AA3100232810 /* LaunchScreen.xib in Resources */,
				2DCC69C71BC8AA3100232810 /* Images.xcassets in Resources */,
			);
			runOnlyForDeploymentPostprocessing = 0;
		};
		2DCC69CD1BC8AA3100232810 /* Resources */ = {
			isa = PBXResourcesBuildPhase;
			buildActionMask = 2147483647;
			files = (
			);
			runOnlyForDeploymentPostprocessing = 0;
		};
/* End PBXResourcesBuildPhase section */

/* Begin PBXSourcesBuildPhase section */
		2DCC69B21BC8AA3100232810 /* Sources */ = {
			isa = PBXSourcesBuildPhase;
			buildActionMask = 2147483647;
			files = (
				2DCC69C21BC8AA3100232810 /* ViewController.m in Sources */,
				2DCC69BF1BC8AA3100232810 /* AppDelegate.m in Sources */,
				2DCC69BC1BC8AA3100232810 /* main.m in Sources */,
			);
			runOnlyForDeploymentPostprocessing = 0;
		};
		2DCC69CB1BC8AA3100232810 /* Sources */ = {
			isa = PBXSourcesBuildPhase;
			buildActionMask = 2147483647;
			files = (
				2DCC69D61BC8AA3100232810 /* eCareHGserveTests.m in Sources */,
			);
			runOnlyForDeploymentPostprocessing = 0;
		};
/* End PBXSourcesBuildPhase section */

/* Begin PBXTargetDependency section */
		2DCC69D11BC8AA3100232810 /* PBXTargetDependency */ = {
			isa = PBXTargetDependency;
			target = 2DCC69B51BC8AA3100232810 /* eCareHGserve */;
			targetProxy = 2DCC69D01BC8AA3100232810 /* PBXContainerItemProxy */;
		};
/* End PBXTargetDependency section */

/* Begin PBXVariantGroup section */
		2DCC69C31BC8AA3100232810 /* Main.storyboard */ = {
			isa = PBXVariantGroup;
			children = (
				2DCC69C41BC8AA3100232810 /* Base */,
			);
			name = Main.storyboard;
			sourceTree = "<group>";
		};
		2DCC69C81BC8AA3100232810 /* LaunchScreen.xib */ = {
			isa = PBXVariantGroup;
			children = (
				2DCC69C91BC8AA3100232810 /* Base */,
			);
			name = LaunchScreen.xib;
			sourceTree = "<group>";
		};
/* End PBXVariantGroup section */

/* Begin XCBuildConfiguration section */
		2DCC69D71BC8AA3100232810 /* Debug */ = {
			isa = XCBuildConfiguration;
			buildSettings = {
				ALWAYS_SEARCH_USER_PATHS = NO;
				CLANG_CXX_LANGUAGE_STANDARD = "gnu++0x";
				CLANG_CXX_LIBRARY = "libc++";
				CLANG_ENABLE_MODULES = YES;
				CLANG_ENABLE_OBJC_ARC = YES;
				CLANG_WARN_BOOL_CONVERSION = YES;
				CLANG_WARN_CONSTANT_CONVERSION = YES;
				CLANG_WARN_DIRECT_OBJC_ISA_USAGE = YES_ERROR;
				CLANG_WARN_EMPTY_BODY = YES;
				CLANG_WARN_ENUM_CONVERSION = YES;
				CLANG_WARN_INT_CONVERSION = YES;
				CLANG_WARN_OBJC_ROOT_CLASS = YES_ERROR;
				CLANG_WARN_UNREACHABLE_CODE = YES;
				CLANG_WARN__DUPLICATE_METHOD_MATCH = YES;
				"CODE_SIGN_IDENTITY[sdk=iphoneos*]" = "iPhone Developer";
				COPY_PHASE_STRIP = NO;
				DEBUG_INFORMATION_FORMAT = "dwarf-with-dsym";
				ENABLE_STRICT_OBJC_MSGSEND = YES;
				GCC_C_LANGUAGE_STANDARD = gnu99;
				GCC_DYNAMIC_NO_PIC = NO;
				GCC_NO_COMMON_BLOCKS = YES;
				GCC_OPTIMIZATION_LEVEL = 0;
				GCC_PREPROCESSOR_DEFINITIONS = (
					"DEBUG=1",
					"$(inherited)",
				);
				GCC_SYMBOLS_PRIVATE_EXTERN = NO;
				GCC_WARN_64_TO_32_BIT_CONVERSION = YES;
				GCC_WARN_ABOUT_RETURN_TYPE = YES_ERROR;
				GCC_WARN_UNDECLARED_SELECTOR = YES;
				GCC_WARN_UNINITIALIZED_AUTOS = YES_AGGRESSIVE;
				GCC_WARN_UNUSED_FUNCTION = YES;
				GCC_WARN_UNUSED_VARIABLE = YES;
				IPHONEOS_DEPLOYMENT_TARGET = 8.4;
				MTL_ENABLE_DEBUG_INFO = YES;
				ONLY_ACTIVE_ARCH = YES;
				SDKROOT = iphoneos;
				TARGETED_DEVICE_FAMILY = "1,2";
			};
			name = Debug;
		};
		2DCC69D81BC8AA3100232810 /* Release */ = {
			isa = XCBuildConfiguration;
			buildSettings = {
				ALWAYS_SEARCH_USER_PATHS = NO;
				CLANG_CXX_LANGUAGE_STANDARD = "gnu++0x";
				CLANG_CXX_LIBRARY = "libc++";
				CLANG_ENABLE_MODULES = YES;
				CLANG_ENABLE_OBJC_ARC = YES;
				CLANG_WARN_BOOL_CONVERSION = YES;
				CLANG_WARN_CONSTANT_CONVERSION = YES;
				CLANG_WARN_DIRECT_OBJC_ISA_USAGE = YES_ERROR;
				CLANG_WARN_EMPTY_BODY = YES;
				CLANG_WARN_ENUM_CONVERSION = YES;
				CLANG_WARN_INT_CONVERSION = YES;
				CLANG_WARN_OBJC_ROOT_CLASS = YES_ERROR;
				CLANG_WARN_UNREACHABLE_CODE = YES;
				CLANG_WARN__DUPLICATE_METHOD_MATCH = YES;
				"CODE_SIGN_IDENTITY[sdk=iphoneos*]" = "iPhone Developer";
				COPY_PHASE_STRIP = NO;
				DEBUG_INFORMATION_FORMAT = "dwarf-with-dsym";
				ENABLE_NS_ASSERTIONS = NO;
				ENABLE_STRICT_OBJC_MSGSEND = YES;
				GCC_C_LANGUAGE_STANDARD = gnu99;
				GCC_NO_COMMON_BLOCKS = YES;
				GCC_WARN_64_TO_32_BIT_CONVERSION = YES;
				GCC_WARN_ABOUT_RETURN_TYPE = YES_ERROR;
				GCC_WARN_UNDECLARED_SELECTOR = YES;
				GCC_WARN_UNINITIALIZED_AUTOS = YES_AGGRESSIVE;
				GCC_WARN_UNUSED_FUNCTION = YES;
				GCC_WARN_UNUSED_VARIABLE = YES;
				IPHONEOS_DEPLOYMENT_TARGET = 8.4;
				MTL_ENABLE_DEBUG_INFO = NO;
				SDKROOT = iphoneos;
				TARGETED_DEVICE_FAMILY = "1,2";
				VALIDATE_PRODUCT = YES;
			};
			name = Release;
		};
		2DCC69DA1BC8AA3100232810 /* Debug */ = {
			isa = XCBuildConfiguration;
			buildSettings = {
				ASSETCATALOG_COMPILER_APPICON_NAME = AppIcon;
				INFOPLIST_FILE = eCareHGserve/Info.plist;
				IPHONEOS_DEPLOYMENT_TARGET = 7.0;
				LD_RUNPATH_SEARCH_PATHS = "$(inherited) @executable_path/Frameworks";
				PRODUCT_NAME = "$(TARGET_NAME)";
			};
			name = Debug;
		};
		2DCC69DB1BC8AA3100232810 /* Release */ = {
			isa = XCBuildConfiguration;
			buildSettings = {
				ASSETCATALOG_COMPILER_APPICON_NAME = AppIcon;
				INFOPLIST_FILE = eCareHGserve/Info.plist;
				IPHONEOS_DEPLOYMENT_TARGET = 7.0;
				LD_RUNPATH_SEARCH_PATHS = "$(inherited) @executable_path/Frameworks";
				PRODUCT_NAME = "$(TARGET_NAME)";
			};
			name = Release;
		};
		2DCC69DD1BC8AA3100232810 /* Debug */ = {
			isa = XCBuildConfiguration;
			buildSettings = {
				BUNDLE_LOADER = "$(TEST_HOST)";
				FRAMEWORK_SEARCH_PATHS = (
					"$(SDKROOT)/Developer/Library/Frameworks",
					"$(inherited)",
				);
				GCC_PREPROCESSOR_DEFINITIONS = (
					"DEBUG=1",
					"$(inherited)",
				);
				INFOPLIST_FILE = eCareHGserveTests/Info.plist;
				LD_RUNPATH_SEARCH_PATHS = "$(inherited) @executable_path/Frameworks @loader_path/Frameworks";
				PRODUCT_NAME = "$(TARGET_NAME)";
				TEST_HOST = "$(BUILT_PRODUCTS_DIR)/eCareHGserve.app/eCareHGserve";
			};
			name = Debug;
		};
		2DCC69DE1BC8AA3100232810 /* Release */ = {
			isa = XCBuildConfiguration;
			buildSettings = {
				BUNDLE_LOADER = "$(TEST_HOST)";
				FRAMEWORK_SEARCH_PATHS = (
					"$(SDKROOT)/Developer/Library/Frameworks",
					"$(inherited)",
				);
				INFOPLIST_FILE = eCareHGserveTests/Info.plist;
				LD_RUNPATH_SEARCH_PATHS = "$(inherited) @executable_path/Frameworks @loader_path/Frameworks";
				PRODUCT_NAME = "$(TARGET_NAME)";
				TEST_HOST = "$(BUILT_PRODUCTS_DIR)/eCareHGserve.app/eCareHGserve";
			};
			name = Release;
		};
/* End XCBuildConfiguration section */

/* Begin XCConfigurationList section */
		2DCC69B11BC8AA3100232810 /* Build configuration list for PBXProject "eCareHGserve" */ = {
			isa = XCConfigurationList;
			buildConfigurations = (
				2DCC69D71BC8AA3100232810 /* Debug */,
				2DCC69D81BC8AA3100232810 /* Release */,
			);
			defaultConfigurationIsVisible = 0;
			defaultConfigurationName = Release;
		};
		2DCC69D91BC8AA3100232810 /* Build configuration list for PBXNativeTarget "eCareHGserve" */ = {
			isa = XCConfigurationList;
			buildConfigurations = (
				2DCC69DA1BC8AA3100232810 /* Debug */,
				2DCC69DB1BC8AA3100232810 /* Release */,
			);
			defaultConfigurationIsVisible = 0;
		};
		2DCC69DC1BC8AA3100232810 /* Build configuration list for PBXNativeTarget "eCareHGserveTests" */ = {
			isa = XCConfigurationList;
			buildConfigurations = (
				2DCC69DD1BC8AA3100232810 /* Debug */,
				2DCC69DE1BC8AA3100232810 /* Release */,
			);
			defaultConfigurationIsVisible = 0;
		};
/* End XCConfigurationList section */
	};
	rootObject = 2DCC69AE1BC8AA3100232810 /* Project object */;
}
